
Microsoft Visual Studio Solution File, Format Version 12.00
# Visual Studio Version 17
VisualStudioVersion = 17.8.34525.116
MinimumVisualStudioVersion = 10.0.40219.1
Project("{2150E333-8FDC-42A3-9474-1A3956D46DE8}") = "1. UL", "1. UL", "{54963534-B655-473C-8C90-DB7B6A75FA50}"
EndProject
Project("{2150E333-8FDC-42A3-9474-1A3956D46DE8}") = "2. BL", "2. BL", "{FCA2C454-5B66-48B9-8437-AC8743E4A6F4}"
EndProject
Project("{2150E333-8FDC-42A3-9474-1A3956D46DE8}") = "3. DL", "3. DL", "{288D54C5-E9FE-4F0E-8748-0C2A7D0CF59B}"
EndProject
Project("{2150E333-8FDC-42A3-9474-1A3956D46DE8}") = "4. CL", "4. CL", "{1A2AABDC-0835-486C-A8F2-97F6D47A11FC}"
EndProject
Project("{2150E333-8FDC-42A3-9474-1A3956D46DE8}") = "5. SL", "5. SL", "{5D7E26B6-33D2-4965-867E-637149540B6D}"
EndProject
Project("{FAE04EC0-301F-11D3-BF4B-00C04F79EFBC}") = "Web", "Web\Web.csproj", "{8612DDD8-09DC-43B6-B5C7-6598E6B464E7}"
EndProject
Project("{FAE04EC0-301F-11D3-BF4B-00C04F79EFBC}") = "Negocio", "Negocio\Negocio.csproj", "{EE845878-1919-484D-B4BB-DDCB493EF7E0}"
EndProject
Project("{FAE04EC0-301F-11D3-BF4B-00C04F79EFBC}") = "Datos", "Datos\Datos.csproj", "{E5742BAB-C173-4F5D-B522-7B33B6E99721}"
EndProject
Project("{FAE04EC0-301F-11D3-BF4B-00C04F79EFBC}") = "Comun", "Comun\Comun.csproj", "{3D5F4F29-A5D4-41A0-AC4E-BAC41D7AA98E}"
EndProject
Project("{FAE04EC0-301F-11D3-BF4B-00C04F79EFBC}") = "Servicio", "Servicio\Servicio.csproj", "{29D279AA-0250-4F57-81D7-19356ADD51A5}"
EndProject
Global
	GlobalSection(SolutionConfigurationPlatforms) = preSolution
		Debug|Any CPU = Debug|Any CPU
		Release|Any CPU = Release|Any CPU
	EndGlobalSection
	GlobalSection(ProjectConfigurationPlatforms) = postSolution
		{8612DDD8-09DC-43B6-B5C7-6598E6B464E7}.Debug|Any CPU.ActiveCfg = Debug|Any CPU
		{8612DDD8-09DC-43B6-B5C7-6598E6B464E7}.Debug|Any CPU.Build.0 = Debug|Any CPU
		{8612DDD8-09DC-43B6-B5C7-6598E6B464E7}.Release|Any CPU.ActiveCfg = Release|Any CPU
		{8612DDD8-09DC-43B6-B5C7-6598E6B464E7}.Release|Any CPU.Build.0 = Release|Any CPU
		{EE845878-1919-484D-B4BB-DDCB493EF7E0}.Debug|Any CPU.ActiveCfg = Debug|Any CPU
		{EE845878-1919-484D-B4BB-DDCB493EF7E0}.Debug|Any CPU.Build.0 = Debug|Any CPU
		{EE845878-1919-484D-B4BB-DDCB493EF7E0}.Release|Any CPU.ActiveCfg = Release|Any CPU
		{EE845878-1919-484D-B4BB-DDCB493EF7E0}.Release|Any CPU.Build.0 = Release|Any CPU
		{E5742BAB-C173-4F5D-B522-7B33B6E99721}.Debug|Any CPU.ActiveCfg = Debug|Any CPU
		{E5742BAB-C173-4F5D-B522-7B33B6E99721}.Debug|Any CPU.Build.0 = Debug|Any CPU
		{E5742BAB-C173-4F5D-B522-7B33B6E99721}.Release|Any CPU.ActiveCfg = Release|Any CPU
		{E5742BAB-C173-4F5D-B522-7B33B6E99721}.Release|Any CPU.Build.0 = Release|Any CPU
		{3D5F4F29-A5D4-41A0-AC4E-BAC41D7AA98E}.Debug|Any CPU.ActiveCfg = Debug|Any CPU
		{3D5F4F29-A5D4-41A0-AC4E-BAC41D7AA98E}.Debug|Any CPU.Build.0 = Debug|Any CPU
		{3D5F4F29-A5D4-41A0-AC4E-BAC41D7AA98E}.Release|Any CPU.ActiveCfg = Release|Any CPU
		{3D5F4F29-A5D4-41A0-AC4E-BAC41D7AA98E}.Release|Any CPU.Build.0 = Release|Any CPU
		{29D279AA-0250-4F57-81D7-19356ADD51A5}.Debug|Any CPU.ActiveCfg = Debug|Any CPU
		{29D279AA-0250-4F57-81D7-19356ADD51A5}.Debug|Any CPU.Build.0 = Debug|Any CPU
		{29D279AA-0250-4F57-81D7-19356ADD51A5}.Release|Any CPU.ActiveCfg = Release|Any CPU
		{29D279AA-0250-4F57-81D7-19356ADD51A5}.Release|Any CPU.Build.0 = Release|Any CPU
	EndGlobalSection
	GlobalSection(SolutionProperties) = preSolution
		HideSolutionNode = FALSE
	EndGlobalSection
	GlobalSection(NestedProjects) = preSolution
		{8612DDD8-09DC-43B6-B5C7-6598E6B464E7} = {54963534-B655-473C-8C90-DB7B6A75FA50}
		{EE845878-1919-484D-B4BB-DDCB493EF7E0} = {FCA2C454-5B66-48B9-8437-AC8743E4A6F4}
		{E5742BAB-C173-4F5D-B522-7B33B6E99721} = {288D54C5-E9FE-4F0E-8748-0C2A7D0CF59B}
		{3D5F4F29-A5D4-41A0-AC4E-BAC41D7AA98E} = {1A2AABDC-0835-486C-A8F2-97F6D47A11FC}
		{29D279AA-0250-4F57-81D7-19356ADD51A5} = {5D7E26B6-33D2-4965-867E-637149540B6D}
	EndGlobalSection
	GlobalSection(ExtensibilityGlobals) = postSolution
		SolutionGuid = {767C56D9-A799-4C35-9E6F-581D2088984F}
	EndGlobalSection
EndGlobal
